# THIS IS AN AUTOGENERATED FILE. DO NOT EDIT THIS FILE DIRECTLY.
# yarn lockfile v1


array-parallel@~0.1.3:
  version "0.1.3"
  resolved "https://registry.yarnpkg.com/array-parallel/-/array-parallel-0.1.3.tgz#8f785308926ed5aa478c47e64d1b334b6c0c947d"
  integrity sha1-j3hTCJJu1apHjEfmTRszS2wMlH0=

array-series@~0.1.5:
  version "0.1.5"
  resolved "https://registry.yarnpkg.com/array-series/-/array-series-0.1.5.tgz#df5d37bfc5c2ef0755e2aa4f92feae7d4b5a972f"
  integrity sha1-3103v8XC7wdV4qpPkv6ufUtaly8=

async@~0.2.9:
  version "0.2.10"
  resolved "https://registry.yarnpkg.com/async/-/async-0.2.10.tgz#b6bbe0b0674b9d719708ca38de8c237cb526c3d1"
  integrity sha1-trvgsGdLnXGXCMo43owjfLUmw9E=

buffered-spawn@~1.1.1:
  version "1.1.2"
  resolved "https://registry.yarnpkg.com/buffered-spawn/-/buffered-spawn-1.1.2.tgz#21ad9735dfbf6576745be0d74a23ef257bf3c58d"
  integrity sha1-Ia2XNd+/ZXZ0W+DXSiPvJXvzxY0=
  dependencies:
    cross-spawn-async "^1.0.1"
    err-code "^0.1.0"
    q "^1.0.1"

commander@~2.9.0:
  version "2.9.0"
  resolved "https://registry.yarnpkg.com/commander/-/commander-2.9.0.tgz#9c99094176e12240cb22d6c5146098400fe0f7d4"
  integrity sha1-nJkJQXbhIkDLItbFFGCYQA/g99Q=
  dependencies:
    graceful-readlink ">= 1.0.0"

cross-spawn-async@^1.0.1:
  version "1.0.1"
  resolved "https://registry.yarnpkg.com/cross-spawn-async/-/cross-spawn-async-1.0.1.tgz#bb525c1e420d9942552e04791a3eb2d9887a105f"
  integrity sha1-u1JcHkINmUJVLgR5Gj6y2Yh6EF8=
  dependencies:
    lru-cache "^2.6.5"
    which "^1.1.1"

debug@~2.2.0:
  version "2.2.0"
  resolved "https://registry.yarnpkg.com/debug/-/debug-2.2.0.tgz#f87057e995b1a1f6ae6a4960664137bc56f039da"
  integrity sha1-+HBX6ZWxofauaklgZkE3vFbwOdo=
  dependencies:
    ms "0.7.1"

err-code@^0.1.0:
  version "0.1.2"
  resolved "https://registry.yarnpkg.com/err-code/-/err-code-0.1.2.tgz#122a92b3342b9899da02b5ac994d30f95d4763ee"
  integrity sha1-EiqSszQrmJnaArWsmU0w+V1HY+4=

gm@~1.21.1:
  version "1.21.1"
  resolved "https://registry.yarnpkg.com/gm/-/gm-1.21.1.tgz#7ed5ed05db36d30c1943f39c3bc1c839b8f2361d"
  integrity sha1-ftXtBds20wwZQ/OcO8HIObjyNh0=
  dependencies:
    array-parallel "~0.1.3"
    array-series "~0.1.5"
    debug "~2.2.0"

"graceful-readlink@>= 1.0.0":
  version "1.0.1"
  resolved "https://registry.yarnpkg.com/graceful-readlink/-/graceful-readlink-1.0.1.tgz#4cafad76bc62f02fa039b2f94e9a3dd3a391a725"
  integrity sha1-TK+tdrxi8C+gObL5Tpo906ORpyU=

image-diff@^2.0.0:
  version "2.0.0"
  resolved "https://registry.yarnpkg.com/image-diff/-/image-diff-2.0.0.tgz#3939e957e527c23f149026b46da5185a59362fa3"
  integrity sha512-67yraTX1T9U7KzpWRpamjVKkkijP5ktGHnHSqKx4luZ1D5eTvCLDBF6vgxbWafqw8V1ogjYIDc6aOkXxDO0Tlg==
  dependencies:
    async "~0.2.9"
    buffered-spawn "~1.1.1"
    commander "~2.9.0"
    gm "~1.21.1"
    mkdirp "~0.3.5"
    tmp "0.0.23"

isexe@^2.0.0:
  version "2.0.0"
  resolved "https://registry.yarnpkg.com/isexe/-/isexe-2.0.0.tgz#e8fbf374dc556ff8947a10dcb0572d633f2cfa10"
  integrity sha1-6PvzdNxVb/iUehDcsFctYz8s+hA=

lru-cache@^2.6.5:
  version "2.7.3"
  resolved "https://registry.yarnpkg.com/lru-cache/-/lru-cache-2.7.3.tgz#6d4524e8b955f95d4f5b58851ce21dd72fb4e952"
  integrity sha1-bUUk6LlV+V1PW1iFHOId1y+06VI=

mkdirp@~0.3.5:
  version "0.3.5"
  resolved "https://registry.yarnpkg.com/mkdirp/-/mkdirp-0.3.5.tgz#de3e5f8961c88c787ee1368df849ac4413eca8d7"
  integrity sha1-3j5fiWHIjHh+4TaN+EmsRBPsqNc=

ms@0.7.1:
  version "0.7.1"
  resolved "https://registry.yarnpkg.com/ms/-/ms-0.7.1.tgz#9cd13c03adbff25b65effde7ce864ee952017098"
  integrity sha1-nNE8A62/8ltl7/3nzoZO6VIBcJg=

q@^1.0.1:
  version "1.5.1"
  resolved "https://registry.yarnpkg.com/q/-/q-1.5.1.tgz#7e32f75b41381291d04611f1bf14109ac00651d7"
  integrity sha1-fjL3W0E4EpHQRhHxvxQQmsAGUdc=

tmp@0.0.23:
  version "0.0.23"
  resolved "https://registry.yarnpkg.com/tmp/-/tmp-0.0.23.tgz#de874aa5e974a85f0a32cdfdbd74663cb3bd9c74"
  integrity sha1-3odKpel0qF8KMs39vXRmPLO9nHQ=

which@^1.1.1:
  version "1.3.1"
  resolved "https://registry.yarnpkg.com/which/-/which-1.3.1.tgz#a45043d54f5805316da8d62f9f50918d3da70b0a"
  integrity sha512-HxJdYWq1MTIQbJ3nw0cqssHoTNU267KlrDuGZ1WYlxDStUtKUhOaJmh112/TZmHxxUfuJqPXSOm7tDyas0OSIQ==
  dependencies:
    isexe "^2.0.0"
